
Microsoft Visual Studio Solution File, Format Version 12.00
# Visual Studio Version 16
VisualStudioVersion = 16.0.31112.23
MinimumVisualStudioVersion = 10.0.40219.1
Project("{FAE04EC0-301F-11D3-BF4B-00C04F79EFBC}") = "Customer", "Customer\Customer.csproj", "{07546856-0F73-4FDB-8AB9-9D6143105C7F}"
EndProject
Global
	GlobalSection(SolutionConfigurationPlatforms) = preSolution
		Debug|Any CPU = Debug|Any CPU
		Release|Any CPU = Release|Any CPU
	EndGlobalSection
	GlobalSection(ProjectConfigurationPlatforms) = postSolution
		{07546856-0F73-4FDB-8AB9-9D6143105C7F}.Debug|Any CPU.ActiveCfg = Debug|Any CPU
		{07546856-0F73-4FDB-8AB9-9D6143105C7F}.Debug|Any CPU.Build.0 = Debug|Any CPU
		{07546856-0F73-4FDB-8AB9-9D6143105C7F}.Release|Any CPU.ActiveCfg = Release|Any CPU
		{07546856-0F73-4FDB-8AB9-9D6143105C7F}.Release|Any CPU.Build.0 = Release|Any CPU
	EndGlobalSection
	GlobalSection(SolutionProperties) = preSolution
		HideSolutionNode = FALSE
	EndGlobalSection
	GlobalSection(ExtensibilityGlobals) = postSolution
		SolutionGuid = {592E6D52-EB28-4E40-B16B-CBCBF570AC1A}
	EndGlobalSection
EndGlobal
